
Microsoft Visual Studio Solution File, Format Version 12.00
# Visual Studio 2012
Project("{FAE04EC0-301F-11D3-BF4B-00C04F79EFBC}") = "schevelev_illarionov_beta_v1", "schevelev_illarionov_beta_v1\schevelev_illarionov_beta_v1.csproj", "{BB94E14A-5B80-4D2F-BD97-55F715748F21}"
EndProject
Global
	GlobalSection(SolutionConfigurationPlatforms) = preSolution
		Debug|Any CPU = Debug|Any CPU
		Release|Any CPU = Release|Any CPU
	EndGlobalSection
	GlobalSection(ProjectConfigurationPlatforms) = postSolution
		{BB94E14A-5B80-4D2F-BD97-55F715748F21}.Debug|Any CPU.ActiveCfg = Debug|Any CPU
		{BB94E14A-5B80-4D2F-BD97-55F715748F21}.Debug|Any CPU.Build.0 = Debug|Any CPU
		{BB94E14A-5B80-4D2F-BD97-55F715748F21}.Release|Any CPU.ActiveCfg = Release|Any CPU
		{BB94E14A-5B80-4D2F-BD97-55F715748F21}.Release|Any CPU.Build.0 = Release|Any CPU
	EndGlobalSection
	GlobalSection(SolutionProperties) = preSolution
		HideSolutionNode = FALSE
	EndGlobalSection
EndGlobal
